{
  "name": "binaryen",
  "version": "1.0.0",
  "lockfileVersion": 3,
  "requires": true,
  "packages": {
    "": {
      "name": "binaryen",
      "version": "1.0.0",
      "license": "ISC",
      "dependencies": {
        "binaryen": "^112.0.0"
      }
    },
    "node_modules/binaryen": {
      "version": "112.0.0",
      "resolved": "https://registry.npmjs.org/binaryen/-/binaryen-112.0.0.tgz",
      "integrity": "sha512-5QsGh9YIHRbwxa8qMe0FaG8QVpoS+fyQal1Wapdmd1UNs5hTxhJP5ROl3q1nT5egQVWffO9sKp6fshRQ4IhIHg==",
      "bin": {
        "wasm-opt": "bin/wasm-opt",
        "wasm2js": "bin/wasm2js"
      }
    }
  }
}
